version = 1
revision = 3
requires-python = "==3.12.*"
resolution-markers = [
    "sys_platform == 'win32'",
    "sys_platform == 'emscripten'",
    "sys_platform != 'emscripten' and sys_platform != 'win32'",
]

[[package]]
name = "absl-py"
version = "2.5.0"
source = { registry = "https://pypi.org/simple" }
sdist = { url = "https://files.pythonhosted.org/packages/d0/4f/d79676ab82f2e42fc3611618139f13a9c4c31d0cff4b486982047679a802/absl_py-2.5.0.tar.gz", hash = "sha256:0c996f25c0490700fadabe6351630f6111534fa0ae252cc6d2014ea3b141135f", size = 118119, upload-time = "2026-07-03T10:57:48.157Z" }
wheels = [
    { url = "https://files.pythonhosted.org/packages/58/0a/a10b45aab35b175aded078a462dc8d0c698f5b13946e7cb0869097b78bb6/absl_py-2.5.0-py3-none-any.whl", hash = "sha256:0f17b89f2a4eaaedc4f28c622998aa690564b3012a396a4ffad0821007fe03ba", size = 137410, upload-time = "2026-07-03T10:57:46.735Z" },
]

[[package]]
name = "immutabledict"
version = "4.3.1"
source = { registry = "https://pypi.org/simple" }
sdist = { url = "https://files.pythonhosted.org/packages/1d/e6/718471048fea0366c3e3d1df3acfd914ca66d571cdffcf6d37bbcd725708/immutabledict-4.3.1.tar.gz", hash = "sha256:f844a669106cfdc73f47b1a9da003782fb17dc955a54c80972e0d93d1c63c514", size = 7806, upload-time = "2026-02-15T10:32:34.668Z" }
wheels = [
    { url = "https://files.pythonhosted.org/packages/a3/ce/f9018bf69ae91b273b6391a095e7c93fa5e1617f25b6ba81ad4b20c9df10/immutabledict-4.3.1-py3-none-any.whl", hash = "sha256:c9facdc0ff30fdb8e35bd16532026cac472a549e182c94fa201b51b25e4bf7bf", size = 5000, upload-time = "2026-02-15T10:32:33.672Z" },
]

[[package]]
name = "nonnegative-rank-two-approximation"
version = "0.1.0"
source = { virtual = "." }
dependencies = [
    { name = "ortools" },
    { name = "z3-solver" },
]

[package.metadata]
requires-dist = [
    { name = "ortools", specifier = "==9.15.6755" },
    { name = "z3-solver", specifier = "==5.1.0.0" },
]

[[package]]
name = "numpy"
version = "2.5.3"
source = { registry = "https://pypi.org/simple" }
sdist = { url = "https://files.pythonhosted.org/packages/13/01/11703282db468b85f6f7b8c7f22d058de5970d5c7e60a3a8aaa313c3de36/numpy-2.5.3.tar.gz", hash = "sha256:df2d5874ff183595a4ba404edd04f6bd9b5505c1d7708573f6a6c17489a67563", size = 20791231, upload-time = "2026-09-06T16:27:47.073Z" }
wheels = [
    { url = "https://files.pythonhosted.org/packages/d6/50/8fdbb16af64895706a45f06a4068e29db732ec180f3c1375f14123359138/numpy-2.5.3-cp312-cp312-macosx_10_13_x86_64.whl", hash = "sha256:cb189f09db39283b26bfd061ec16189e14f71c6755207f72a0f7540867afe5b9", size = 16994982, upload-time = "2026-09-06T16:24:29.244Z" },
    { url = "https://files.pythonhosted.org/packages/60/39/789131c1188c078dcb3a1692e72e1e050c68b88ffe72c9ccaac9bcd7a9cd/numpy-2.5.3-cp312-cp312-macosx_11_0_arm64.whl", hash = "sha256:f59a878c33d6b88122d80d239bb3b845d58708750b0cb06a09aebb9b18ec696c", size = 12009327, upload-time = "2026-09-06T16:24:32.491Z" },
    { url = "https://files.pythonhosted.org/packages/9c/59/a312e95696e5f601914dd8b6dd844692ba61670807417e24b68e337b5c70/numpy-2.5.3-cp312-cp312-macosx_14_0_arm64.whl", hash = "sha256:a72f874bc9e10e4b8f80426fb49716d5141f64442a0c8418065093ec8017fbb0", size = 5445405, upload-time = "2026-09-06T16:24:35.071Z" },
    { url = "https://files.pythonhosted.org/packages/30/d0/5623a1707ed4fe16e3909fe3cf5ee3da004ae677ad23d83bbf3adf1a6faf/numpy-2.5.3-cp312-cp312-macosx_14_0_x86_64.whl", hash = "sha256:fc36dc566135b5eceec4cf89758fcb719266a019ef07dae1754ae7c9f617ef3e", size = 6783213, upload-time = "2026-09-06T16:24:37.253Z" },
    { url = "https://files.pythonhosted.org/packages/f1/32/84146fc020ad3c25f805f70ab60da46fe3c540a21369754a7e4369754b6f/numpy-2.5.3-cp312-cp312-manylinux_2_27_aarch64.manylinux_2_28_aarch64.whl", hash = "sha256:76c2c1e6bfa5c84adc6434dfbf013aa92096a7985221762c8f11fedfd20fff58", size = 15687872, upload-time = "2026-09-06T16:24:39.751Z" },
    { url = "https://files.pythonhosted.org/packages/65/af/aa78d1a88805456e212b65461354cd943197fb9acecc4c90fd12295123a3/numpy-2.5.3-cp312-cp312-manylinux_2_27_x86_64.manylinux_2_28_x86_64.whl", hash = "sha256:b7e18c623bb5c95acb3b3328861272816ba199fb531921c5d6d0b675f1fde9e3", size = 16717410, upload-time = "2026-09-06T16:24:42.745Z" },
    { url = "https://files.pythonhosted.org/packages/3b/24/faa79d865e69a97ba17473b23a1b74094b2259c03e820c70297293b9ea49/numpy-2.5.3-cp312-cp312-musllinux_1_2_aarch64.whl", hash = "sha256:4f8929ee6c96bfbd7b4ed2032e0c03af86fe1826740ab61ddabf9072d06e57ff", size = 17040975, upload-time = "2026-09-06T16:24:45.961Z" },
    { url = "https://files.pythonhosted.org/packages/62/4a/8877e629445a7176297dffcaf9c485faa96a95d81728a62521ad55bd4c0f/numpy-2.5.3-cp312-cp312-musllinux_1_2_x86_64.whl", hash = "sha256:b5d93cf48f687479941d12b69c873ad2cc76bbd487f0091c2200636497f34034", size = 18476479, upload-time = "2026-09-06T16:24:49.35Z" },
    { url = "https://files.pythonhosted.org/packages/c8/db/35e1c2d38b04cbd5b731f9d71495e055e813197669d22b612f11748d2ff9/numpy-2.5.3-cp312-cp312-win32.whl", hash = "sha256:bf63afbe037eb5d2fe87fbcc7778e61da53ebaf21d938a4515aa73b62532a5d4", size = 6133378, upload-time = "2026-09-06T16:24:51.915Z" },
    { url = "https://files.pythonhosted.org/packages/3c/a1/accf6d4f0c80c5d9ba9735d6b1550e444180599f34dec69ca01360f717ad/numpy-2.5.3-cp312-cp312-win_amd64.whl", hash = "sha256:0a59a421a32580a009e8a1751345bf829631b990dc1794b80514ab722b435def", size = 12567828, upload-time = "2026-09-06T16:24:54.255Z" },
    { url = "https://files.pythonhosted.org/packages/22/43/1764aff32e4652526ae2f71fa8b3efd8d25c8a3d6926914454e47138ed1e/numpy-2.5.3-cp312-cp312-win_arm64.whl", hash = "sha256:ccb32e0525d29e8b0572eb84c9a57af0e7a4e615726927506f55063c62414034", size = 10485432, upload-time = "2026-09-06T16:24:57.278Z" },
]

[[package]]
name = "ortools"
version = "9.15.6755"
source = { registry = "https://pypi.org/simple" }
dependencies = [
    { name = "absl-py" },
    { name = "immutabledict" },
    { name = "numpy" },
    { name = "pandas" },
    { name = "protobuf" },
    { name = "typing-extensions" },
]
wheels = [
    { url = "https://files.pythonhosted.org/packages/6a/fc/9fa53f1a13710e6183df4d00fe4988c79a55b501e282645d49f1e250437f/ortools-9.15.6755-cp312-cp312-macosx_10_15_x86_64.whl", hash = "sha256:ae1c6e1fd844b4d756b22eb6c0ed574ea4342ee206d807c4f903039e748228fa", size = 23926322, upload-time = "2026-01-14T15:39:01.626Z" },
    { url = "https://files.pythonhosted.org/packages/f1/b6/7e6618ef7a88e8eb706a8a876806b4d336f1bef8c574f8a02d2da3e483ef/ortools-9.15.6755-cp312-cp312-macosx_11_0_arm64.whl", hash = "sha256:1e16686c2b457fa6242c474ab890ee1712347ab53678e0d2fab307ae03e97a4b", size = 21912940, upload-time = "2026-01-14T15:39:04.403Z" },
    { url = "https://files.pythonhosted.org/packages/86/a9/37cb31fc5ffbec2650ebb0d2538a83842b5693a788a0ec6057559dab1169/ortools-9.15.6755-cp312-cp312-manylinux_2_26_aarch64.manylinux_2_28_aarch64.whl", hash = "sha256:3cd6bec0a2e00e3891a53e3b436f45a1000269f302085572f49e9856b7f8eaf0", size = 27646561, upload-time = "2026-01-14T15:37:57.414Z" },
    { url = "https://files.pythonhosted.org/packages/49/0f/6d6d722102a0ceccf4a5038e2bc91d023da84a6dba98482a4634df3d27ab/ortools-9.15.6755-cp312-cp312-manylinux_2_27_x86_64.manylinux_2_28_x86_64.whl", hash = "sha256:033836c0eb33bc72697a299e0caedbb25fc9d1cee0b13832d69cb30405f57b3e", size = 29838435, upload-time = "2026-01-14T15:38:01.047Z" },
    { url = "https://files.pythonhosted.org/packages/83/a2/5aaf12e34bcd47ae16e70ae81b5c7fbc209da0615c0b79a93c9a0b1cda02/ortools-9.15.6755-cp312-cp312-win_amd64.whl", hash = "sha256:487796301fd9dad55f9cf21f9313c834697f74306d1a59f002e152862f8eb1b5", size = 23883161, upload-time = "2026-01-14T15:39:45.104Z" },
]

[[package]]
name = "pandas"
version = "3.0.5"
source = { registry = "https://pypi.org/simple" }
dependencies = [
    { name = "numpy" },
    { name = "python-dateutil" },
    { name = "tzdata", marker = "sys_platform == 'emscripten' or sys_platform == 'win32'" },
]
sdist = { url = "https://files.pythonhosted.org/packages/be/4f/5f3422a2afec5ffc46308b79e53291365a93748b498ac2e58bead0197916/pandas-3.0.5.tar.gz", hash = "sha256:dca3734d6ab7c906e6730f0788b0a1dbb9f2467731f9711f77995c8e9d62d712", size = 4658219, upload-time = "2026-07-22T22:19:28.819Z" }
wheels = [
    { url = "https://files.pythonhosted.org/packages/1c/54/1dc810ea558d1320b597aa140a514f2fdf1d2ea09c38cf556f13ea712ec9/pandas-3.0.5-cp312-cp312-macosx_10_13_x86_64.whl", hash = "sha256:fa290c16964d4963fbfbc358928239cf3bd755b20e988ce944877def2f44471d", size = 10411717, upload-time = "2026-07-22T22:18:08.307Z" },
    { url = "https://files.pythonhosted.org/packages/68/56/fbe81c09195924d8b7b8d4461a20458fe80a6a5ed6b24f0314da684277e1/pandas-3.0.5-cp312-cp312-macosx_11_0_arm64.whl", hash = "sha256:c2e26bb46934b8a2ca0c3de1d3d606fc5f6746584791b2db264d58cf370e08dc", size = 9957095, upload-time = "2026-07-22T22:18:10.6Z" },
    { url = "https://files.pythonhosted.org/packages/e0/51/fac252f4a913ed5eabf3c11b880a9e8d5a6c10f0b2129d0462212d238b4d/pandas-3.0.5-cp312-cp312-manylinux_2_24_aarch64.manylinux_2_28_aarch64.whl", hash = "sha256:73fa87b08a7ef706f8aafda39ddaccf2a99047bea62d8c88a0361bcafb2237bc", size = 10485458, upload-time = "2026-07-22T22:18:12.834Z" },
    { url = "https://files.pythonhosted.org/packages/12/98/e976540c1addf70442be7842a18cf70884a964abbf69442504f4d2939989/pandas-3.0.5-cp312-cp312-manylinux_2_24_x86_64.manylinux_2_28_x86_64.whl", hash = "sha256:d373ce03ffd84010ed9839fa73672a9c8256990532e158440c0085db7d914b34", size = 10998091, upload-time = "2026-07-22T22:18:15.209Z" },
    { url = "https://files.pythonhosted.org/packages/a4/8c/1f29b5be8d3fc47dd7567eb167fabba2085879b31e0287ce7cba6d3d2ff4/pandas-3.0.5-cp312-cp312-musllinux_1_2_aarch64.whl", hash = "sha256:2a29c53d85ea98c5e792c59ef82ee9fbe6ca902c0d0adb6b23f45ef894cd7bf6", size = 11499501, upload-time = "2026-07-22T22:18:17.689Z" },
    { url = "https://files.pythonhosted.org/packages/9d/e2/bd9c98ad2df7b38bde002adde4cdf353519da51881634323b126c55997f9/pandas-3.0.5-cp312-cp312-musllinux_1_2_x86_64.whl", hash = "sha256:a5ad3b02ed6bc7d7ae9b70804b2c6aa31827489d150f8e623ce82491b82085d7", size = 12060559, upload-time = "2026-07-22T22:18:20.147Z" },
    { url = "https://files.pythonhosted.org/packages/f3/9a/ffbd852d58bd74a617fe2f8ee6a58a96982271ce41cf981eab22190b4a4b/pandas-3.0.5-cp312-cp312-pyemscripten_2024_0_wasm32.whl", hash = "sha256:b2acb4650527eec6822c3dadb2b771277b65e7dae7a267d4bccf65fd1bb3fbce", size = 7197652, upload-time = "2026-07-22T22:18:22.502Z" },
    { url = "https://files.pythonhosted.org/packages/70/b5/d2d3e9ae73362ba4229651b0ee1455cf78073a1ce585f6ff693782ce263e/pandas-3.0.5-cp312-cp312-win_amd64.whl", hash = "sha256:80a611068e8a3ac23f7398c6c14eb46dc974e5cc9997f653e2dcfd1da74edd41", size = 9831691, upload-time = "2026-07-22T22:18:24.534Z" },
    { url = "https://files.pythonhosted.org/packages/52/51/dea1e89d6a6796b9c43f85a09b484ee03edb8a4c4842e73e200a8c11301c/pandas-3.0.5-cp312-cp312-win_arm64.whl", hash = "sha256:25ff585b972a18ef1fe9ffa3ac6544d9950508aa76832e5147640b6022821e49", size = 9105796, upload-time = "2026-07-22T22:18:27.064Z" },
]

[[package]]
name = "protobuf"
version = "6.33.6"
source = { registry = "https://pypi.org/simple" }
sdist = { url = "https://files.pythonhosted.org/packages/66/70/e908e9c5e52ef7c3a6c7902c9dfbb34c7e29c25d2f81ade3856445fd5c94/protobuf-6.33.6.tar.gz", hash = "sha256:a6768d25248312c297558af96a9f9c929e8c4cee0659cb07e780731095f38135", size = 444531, upload-time = "2026-03-18T19:05:00.988Z" }
wheels = [
    { url = "https://files.pythonhosted.org/packages/fc/9f/2f509339e89cfa6f6a4c4ff50438db9ca488dec341f7e454adad60150b00/protobuf-6.33.6-cp310-abi3-win32.whl", hash = "sha256:7d29d9b65f8afef196f8334e80d6bc1d5d4adedb449971fefd3723824e6e77d3", size = 425739, upload-time = "2026-03-18T19:04:48.373Z" },
    { url = "https://files.pythonhosted.org/packages/76/5d/683efcd4798e0030c1bab27374fd13a89f7c2515fb1f3123efdfaa5eab57/protobuf-6.33.6-cp310-abi3-win_amd64.whl", hash = "sha256:0cd27b587afca21b7cfa59a74dcbd48a50f0a6400cfb59391340ad729d91d326", size = 437089, upload-time = "2026-03-18T19:04:50.381Z" },
    { url = "https://files.pythonhosted.org/packages/5c/01/a3c3ed5cd186f39e7880f8303cc51385a198a81469d53d0fdecf1f64d929/protobuf-6.33.6-cp39-abi3-macosx_10_9_universal2.whl", hash = "sha256:9720e6961b251bde64edfdab7d500725a2af5280f3f4c87e57c0208376aa8c3a", size = 427737, upload-time = "2026-03-18T19:04:51.866Z" },
    { url = "https://files.pythonhosted.org/packages/ee/90/b3c01fdec7d2f627b3a6884243ba328c1217ed2d978def5c12dc50d328a3/protobuf-6.33.6-cp39-abi3-manylinux2014_aarch64.whl", hash = "sha256:e2afbae9b8e1825e3529f88d514754e094278bb95eadc0e199751cdd9a2e82a2", size = 324610, upload-time = "2026-03-18T19:04:53.096Z" },
    { url = "https://files.pythonhosted.org/packages/9b/ca/25afc144934014700c52e05103c2421997482d561f3101ff352e1292fb81/protobuf-6.33.6-cp39-abi3-manylinux2014_s390x.whl", hash = "sha256:c96c37eec15086b79762ed265d59ab204dabc53056e3443e702d2681f4b39ce3", size = 339381, upload-time = "2026-03-18T19:04:54.616Z" },
    { url = "https://files.pythonhosted.org/packages/16/92/d1e32e3e0d894fe00b15ce28ad4944ab692713f2e7f0a99787405e43533a/protobuf-6.33.6-cp39-abi3-manylinux2014_x86_64.whl", hash = "sha256:e9db7e292e0ab79dd108d7f1a94fe31601ce1ee3f7b79e0692043423020b0593", size = 323436, upload-time = "2026-03-18T19:04:55.768Z" },
    { url = "https://files.pythonhosted.org/packages/c4/72/02445137af02769918a93807b2b7890047c32bfb9f90371cbc12688819eb/protobuf-6.33.6-py3-none-any.whl", hash = "sha256:77179e006c476e69bf8e8ce866640091ec42e1beb80b213c3900006ecfba6901", size = 170656, upload-time = "2026-03-18T19:04:59.826Z" },
]

[[package]]
name = "python-dateutil"
version = "2.9.0.post0"
source = { registry = "https://pypi.org/simple" }
dependencies = [
    { name = "six" },
]
sdist = { url = "https://files.pythonhosted.org/packages/66/c0/0c8b6ad9f17a802ee498c46e004a0eb49bc148f2fd230864601a86dcf6db/python-dateutil-2.9.0.post0.tar.gz", hash = "sha256:37dd54208da7e1cd875388217d5e00ebd4179249f90fb72437e91a35459a0ad3", size = 342432, upload-time = "2024-03-01T18:36:20.211Z" }
wheels = [
    { url = "https://files.pythonhosted.org/packages/ec/57/56b9bcc3c9c6a792fcbaf139543cee77261f3651ca9da0c93f5c1221264b/python_dateutil-2.9.0.post0-py2.py3-none-any.whl", hash = "sha256:a8b2bc7bffae282281c8140a97d3aa9c14da0b136dfe83f850eea9a5f7470427", size = 229892, upload-time = "2024-03-01T18:36:18.57Z" },
]

[[package]]
name = "six"
version = "1.17.0"
source = { registry = "https://pypi.org/simple" }
sdist = { url = "https://files.pythonhosted.org/packages/94/e7/b2c673351809dca68a0e064b6af791aa332cf192da575fd474ed7d6f16a2/six-1.17.0.tar.gz", hash = "sha256:ff70335d468e7eb6ec65b95b99d3a2836546063f63acc5171de367e834932a81", size = 34031, upload-time = "2024-12-04T17:35:28.174Z" }
wheels = [
    { url = "https://files.pythonhosted.org/packages/b7/ce/149a00dd41f10bc29e5921b496af8b574d8413afcd5e30dfa0ed46c2cc5e/six-1.17.0-py2.py3-none-any.whl", hash = "sha256:4721f391ed90541fddacab5acf947aa0d3dc7d27b2e1e8eda2be8970586c3274", size = 11050, upload-time = "2024-12-04T17:35:26.475Z" },
]

[[package]]
name = "typing-extensions"
version = "4.16.0"
source = { registry = "https://pypi.org/simple" }
sdist = { url = "https://files.pythonhosted.org/packages/f6/cc/6253133b5bb138fc3306cebfbda2c520f545d36b5be2c7255cc528bb45d6/typing_extensions-4.16.0.tar.gz", hash = "sha256:dc983d19a509c94dba722ee6abd33940f7c05a89e243c47e907eb4db6f1a43e5", size = 113555, upload-time = "2026-07-02T08:40:05.92Z" }
wheels = [
    { url = "https://files.pythonhosted.org/packages/49/d3/b8441a820a491ddfc024b0b0cf0393375b75ea13866d9c66727e54c2fc80/typing_extensions-4.16.0-py3-none-any.whl", hash = "sha256:481caa481374e813c1b176ada14e97f1f67a4539ce9cfeb3f350d78d6370c2e8", size = 45571, upload-time = "2026-07-02T08:40:04.659Z" },
]

[[package]]
name = "tzdata"
version = "2026.4"
source = { registry = "https://pypi.org/simple" }
sdist = { url = "https://files.pythonhosted.org/packages/e4/31/3d74fa778a63b98b7374323befcc0be5ab3bd94afd4096a0124e7379152c/tzdata-2026.4.tar.gz", hash = "sha256:f1b8bd365d8d210c55353f4d7f8d6d8561c0ba50d704b700d195a9424bba0d79", size = 199350, upload-time = "2026-09-12T12:56:03.251Z" }
wheels = [
    { url = "https://files.pythonhosted.org/packages/f9/bc/8737e8d54cf51106118039b83f485a4783112fab49ea9d044b234978a46e/tzdata-2026.4-py2.py3-none-any.whl", hash = "sha256:c2169a8b0a7a5e9674da5a135ccdfb2b3e671b333ed9fed17b41f73c34476e81", size = 347494, upload-time = "2026-09-12T12:56:01.67Z" },
]

[[package]]
name = "z3-solver"
version = "5.1.0.0"
source = { registry = "https://pypi.org/simple" }
sdist = { url = "https://files.pythonhosted.org/packages/ee/f0/493c2b3acdb65f452a5b22cbec5241f81a8f5c12ef012f3baff1ad82b738/z3_solver-5.1.0.0.tar.gz", hash = "sha256:269a0bf62949d227a16ab42afee6750f18477e173a14de6aeaf8789f33f813b5", size = 5468088, upload-time = "2026-08-16T04:29:28.806Z" }
wheels = [
    { url = "https://files.pythonhosted.org/packages/01/9a/cdb6db09d6aff6a803a94505aa24666db5e47df7aad0f2b1b0ddcb52ed12/z3_solver-5.1.0.0-py3-none-macosx_13_0_arm64.whl", hash = "sha256:399a38a85d784105e5df5a05c04a581481bfdb80af7424779cf76fa843b4e66c", size = 38759094, upload-time = "2026-08-16T04:29:02.621Z" },
    { url = "https://files.pythonhosted.org/packages/29/1a/33544c70e014d9d6d8743201eecd3afdc260639b2711c9c0172ddf1fa93b/z3_solver-5.1.0.0-py3-none-macosx_13_0_x86_64.whl", hash = "sha256:069feb3ecfa0cbf40524b6a06bf0a02d604e1710bd42012ac197e2e343e39cc0", size = 41418780, upload-time = "2026-08-16T04:29:06.761Z" },
    { url = "https://files.pythonhosted.org/packages/34/de/30329041d9a2dda11308576a80b5db17060e4b03a7ba7f550437fb38dd6b/z3_solver-5.1.0.0-py3-none-manylinux_2_27_x86_64.whl", hash = "sha256:dfad9e309d7010b1ff6bdb33f21570a1603ef4727373221c7117a74448f0cfef", size = 33098276, upload-time = "2026-08-16T04:29:10.35Z" },
    { url = "https://files.pythonhosted.org/packages/ec/49/7db70c39fefde52eb5571ae709fa370260536439082d36b9ed1ab36bd1a0/z3_solver-5.1.0.0-py3-none-manylinux_2_38_aarch64.whl", hash = "sha256:1dcfcccb4b027951d7adf267b5b236e7a67b8433cc358d802dcb0280151587bf", size = 28571775, upload-time = "2026-08-16T04:29:14.149Z" },
    { url = "https://files.pythonhosted.org/packages/c5/d9/e9478764a0d0301aaf2b861d00deb0a84dd6d6d887161a12a0ff15552d91/z3_solver-5.1.0.0-py3-none-manylinux_2_38_riscv64.whl", hash = "sha256:c78fb5fdb4f625775f640a731743f908dce610b2e576c698396cd2294209aee1", size = 29165334, upload-time = "2026-08-16T04:29:17.838Z" },
    { url = "https://files.pythonhosted.org/packages/08/2c/842c3ca4ce8e503a5095c1883e0f18d45e202b1c75451a807ee3a6e4b83e/z3_solver-5.1.0.0-py3-none-pyemscripten_2026_0_wasm32.whl", hash = "sha256:d49a91527dc4f65e4a5a938b86a16937decadcbdbd806833d28ce25eb24cd3a9", size = 6046959, upload-time = "2026-08-16T16:34:47.959Z" },
    { url = "https://files.pythonhosted.org/packages/f3/35/c119d6ac5bad30f7358308f8585fe4db43afb0aebd10bed01db6e168f2f8/z3_solver-5.1.0.0-py3-none-win32.whl", hash = "sha256:c5a9e796dd77e4bafcc8c70bdbe44194db2d5d3feb9e62881bf071a3745f852e", size = 13988754, upload-time = "2026-08-16T04:29:20.963Z" },
    { url = "https://files.pythonhosted.org/packages/3f/5a/e3651dc6c976bc44861f4ba0167366a1ce0b11b3bcbad7377f0d28f9f513/z3_solver-5.1.0.0-py3-none-win_amd64.whl", hash = "sha256:1561efd36e06f4cb7cbf11b63a2fba8fc8fdeb9c5754df90c84f9bd7a4864552", size = 17040097, upload-time = "2026-08-16T04:29:23.43Z" },
    { url = "https://files.pythonhosted.org/packages/30/10/9a0e8e34f374ad6d8a28a03535866ed4f7f767c49c19e53e795ba6a0f7e3/z3_solver-5.1.0.0-py3-none-win_arm64.whl", hash = "sha256:9d0b597974c7b514d91e881fe02f71d8b31c40dd4b7f5cdf01b40dd5510c4def", size = 15935983, upload-time = "2026-08-16T04:29:26.425Z" },
]
